
Microsoft Visual Studio Solution File, Format Version 12.00
# Visual Studio Version 16
VisualStudioVersion = 16.0.30717.126
MinimumVisualStudioVersion = 10.0.40219.1
Project("{FAE04EC0-301F-11D3-BF4B-00C04F79EFBC}") = "Challenge-261", "Challenge-261\Challenge-261.csproj", "{32C59356-18A9-40BD-A459-E8FD2F1E293D}"
EndProject
Global
	GlobalSection(SolutionConfigurationPlatforms) = preSolution
		Debug|Any CPU = Debug|Any CPU
		Release|Any CPU = Release|Any CPU
	EndGlobalSection
	GlobalSection(ProjectConfigurationPlatforms) = postSolution
		{32C59356-18A9-40BD-A459-E8FD2F1E293D}.Debug|Any CPU.ActiveCfg = Debug|Any CPU
		{32C59356-18A9-40BD-A459-E8FD2F1E293D}.Debug|Any CPU.Build.0 = Debug|Any CPU
		{32C59356-18A9-40BD-A459-E8FD2F1E293D}.Release|Any CPU.ActiveCfg = Release|Any CPU
		{32C59356-18A9-40BD-A459-E8FD2F1E293D}.Release|Any CPU.Build.0 = Release|Any CPU
	EndGlobalSection
	GlobalSection(SolutionProperties) = preSolution
		HideSolutionNode = FALSE
	EndGlobalSection
	GlobalSection(ExtensibilityGlobals) = postSolution
		SolutionGuid = {ED34DCF6-FB96-43E8-9B4E-D56C89F612E1}
	EndGlobalSection
EndGlobal
