
Microsoft Visual Studio Solution File, Format Version 12.00
# Visual Studio Version 16
VisualStudioVersion = 16.0.30717.126
MinimumVisualStudioVersion = 10.0.40219.1
Project("{FAE04EC0-301F-11D3-BF4B-00C04F79EFBC}") = "CarInsurance", "CarInsurance\CarInsurance.csproj", "{79AD0B33-8B5A-491A-9971-FA9D6C9CAD15}"
EndProject
Global
	GlobalSection(SolutionConfigurationPlatforms) = preSolution
		Debug|Any CPU = Debug|Any CPU
		Release|Any CPU = Release|Any CPU
	EndGlobalSection
	GlobalSection(ProjectConfigurationPlatforms) = postSolution
		{79AD0B33-8B5A-491A-9971-FA9D6C9CAD15}.Debug|Any CPU.ActiveCfg = Debug|Any CPU
		{79AD0B33-8B5A-491A-9971-FA9D6C9CAD15}.Debug|Any CPU.Build.0 = Debug|Any CPU
		{79AD0B33-8B5A-491A-9971-FA9D6C9CAD15}.Release|Any CPU.ActiveCfg = Release|Any CPU
		{79AD0B33-8B5A-491A-9971-FA9D6C9CAD15}.Release|Any CPU.Build.0 = Release|Any CPU
	EndGlobalSection
	GlobalSection(SolutionProperties) = preSolution
		HideSolutionNode = FALSE
	EndGlobalSection
	GlobalSection(ExtensibilityGlobals) = postSolution
		SolutionGuid = {5C880C2E-7F69-4BC4-BB6F-D2537689F592}
	EndGlobalSection
EndGlobal
