
Microsoft Visual Studio Solution File, Format Version 12.00
# Visual Studio Version 16
VisualStudioVersion = 16.0.30717.126
MinimumVisualStudioVersion = 10.0.40219.1
Project("{FAE04EC0-301F-11D3-BF4B-00C04F79EFBC}") = "Challenge-174", "Challenge-174\Challenge-174.csproj", "{D3837578-DC6E-45A1-9B66-BF6E28C67B9B}"
EndProject
Global
	GlobalSection(SolutionConfigurationPlatforms) = preSolution
		Debug|Any CPU = Debug|Any CPU
		Release|Any CPU = Release|Any CPU
	EndGlobalSection
	GlobalSection(ProjectConfigurationPlatforms) = postSolution
		{D3837578-DC6E-45A1-9B66-BF6E28C67B9B}.Debug|Any CPU.ActiveCfg = Debug|Any CPU
		{D3837578-DC6E-45A1-9B66-BF6E28C67B9B}.Debug|Any CPU.Build.0 = Debug|Any CPU
		{D3837578-DC6E-45A1-9B66-BF6E28C67B9B}.Release|Any CPU.ActiveCfg = Release|Any CPU
		{D3837578-DC6E-45A1-9B66-BF6E28C67B9B}.Release|Any CPU.Build.0 = Release|Any CPU
	EndGlobalSection
	GlobalSection(SolutionProperties) = preSolution
		HideSolutionNode = FALSE
	EndGlobalSection
	GlobalSection(ExtensibilityGlobals) = postSolution
		SolutionGuid = {5CECAB7B-EAA6-4A9E-B45D-A76F6D8DE31A}
	EndGlobalSection
EndGlobal
