
Microsoft Visual Studio Solution File, Format Version 12.00
# Visual Studio Version 16
VisualStudioVersion = 16.0.30717.126
MinimumVisualStudioVersion = 10.0.40219.1
Project("{FAE04EC0-301F-11D3-BF4B-00C04F79EFBC}") = "Assignment-124", "Assignment-124\Assignment-124.csproj", "{DE1AEB3E-8B07-4EA8-BD0E-1287DE7FF46D}"
EndProject
Global
	GlobalSection(SolutionConfigurationPlatforms) = preSolution
		Debug|Any CPU = Debug|Any CPU
		Release|Any CPU = Release|Any CPU
	EndGlobalSection
	GlobalSection(ProjectConfigurationPlatforms) = postSolution
		{DE1AEB3E-8B07-4EA8-BD0E-1287DE7FF46D}.Debug|Any CPU.ActiveCfg = Debug|Any CPU
		{DE1AEB3E-8B07-4EA8-BD0E-1287DE7FF46D}.Debug|Any CPU.Build.0 = Debug|Any CPU
		{DE1AEB3E-8B07-4EA8-BD0E-1287DE7FF46D}.Release|Any CPU.ActiveCfg = Release|Any CPU
		{DE1AEB3E-8B07-4EA8-BD0E-1287DE7FF46D}.Release|Any CPU.Build.0 = Release|Any CPU
	EndGlobalSection
	GlobalSection(SolutionProperties) = preSolution
		HideSolutionNode = FALSE
	EndGlobalSection
	GlobalSection(ExtensibilityGlobals) = postSolution
		SolutionGuid = {D2BDFD0F-7FCF-4F06-93EA-322BF1C4F132}
	EndGlobalSection
EndGlobal
